# THIS IS AN AUTOGENERATED FILE. DO NOT EDIT THIS FILE DIRECTLY.
# yarn lockfile v1


turbo@^1.0.12:
  version "1.0.12"
  resolved "https://registry.yarnpkg.com/turbo/-/turbo-1.0.12.tgz#268254ccd58303a3756eddeaf37a270d69acf36e"
  integrity sha512-Bw8cUAcz58+9IVyfotYOF3J6+oumCftetq9r+caop0vztRXSQ/O4Iv58tNPjGyZ9RNee6OjZb6KhV/csWD+p0Q==
  dependencies:
    zlib "^1.0.5"

zlib@^1.0.5:
  version "1.0.5"
  resolved "https://registry.yarnpkg.com/zlib/-/zlib-1.0.5.tgz#6e7c972fc371c645a6afb03ab14769def114fcc0"
  integrity sha1-bnyXL8NxxkWmr7A6sUdp3vEU/MA=
